
Microsoft Visual Studio Solution File, Format Version 12.00
# Visual Studio Version 17
VisualStudioVersion = 17.2.32505.173
MinimumVisualStudioVersion = 10.0.40219.1
Project("{9A19103F-16F7-4668-BE54-9A1E7A4F7556}") = "Sample.ElectronicCommerce.Web", "Sample.ElectronicCommerce.Web\Sample.ElectronicCommerce.Web.csproj", "{3CE442FB-5746-4B52-AE91-436F907FB7A9}"
EndProject
Project("{9A19103F-16F7-4668-BE54-9A1E7A4F7556}") = "Sample.ElectronicCommerce.Core", "Sample.ElectronicCommerce.Core\Sample.ElectronicCommerce.Core.csproj", "{D89DE634-641F-43C2-AFF8-7FC02D4BCAB8}"
EndProject
Project("{9A19103F-16F7-4668-BE54-9A1E7A4F7556}") = "Sample.ElectronicCommerce.Security", "Sample.ElectronicCommerce.Security\Sample.ElectronicCommerce.Security.csproj", "{4D5526AB-169A-4406-9F09-71FDBE2FBE02}"
EndProject
Project("{9A19103F-16F7-4668-BE54-9A1E7A4F7556}") = "Sample.ElectronicCommerce.Mail", "Sample.ElectronicCommerce.Mail\Sample.ElectronicCommerce.Mail.csproj", "{BECFCD90-137B-4120-9B5E-F7E6E7F02699}"
EndProject
Project("{9A19103F-16F7-4668-BE54-9A1E7A4F7556}") = "Sample.ElectronicCommerce.Chat", "Sample.ElectronicCommerce.Chat\Sample.ElectronicCommerce.Chat.csproj", "{1F7F6823-BA3B-48E7-B9FE-821E6AE8104D}"
EndProject
Global
	GlobalSection(SolutionConfigurationPlatforms) = preSolution
		Debug|Any CPU = Debug|Any CPU
		Release|Any CPU = Release|Any CPU
	EndGlobalSection
	GlobalSection(ProjectConfigurationPlatforms) = postSolution
		{3CE442FB-5746-4B52-AE91-436F907FB7A9}.Debug|Any CPU.ActiveCfg = Debug|Any CPU
		{3CE442FB-5746-4B52-AE91-436F907FB7A9}.Debug|Any CPU.Build.0 = Debug|Any CPU
		{3CE442FB-5746-4B52-AE91-436F907FB7A9}.Release|Any CPU.ActiveCfg = Release|Any CPU
		{3CE442FB-5746-4B52-AE91-436F907FB7A9}.Release|Any CPU.Build.0 = Release|Any CPU
		{D89DE634-641F-43C2-AFF8-7FC02D4BCAB8}.Debug|Any CPU.ActiveCfg = Debug|Any CPU
		{D89DE634-641F-43C2-AFF8-7FC02D4BCAB8}.Debug|Any CPU.Build.0 = Debug|Any CPU
		{D89DE634-641F-43C2-AFF8-7FC02D4BCAB8}.Release|Any CPU.ActiveCfg = Release|Any CPU
		{D89DE634-641F-43C2-AFF8-7FC02D4BCAB8}.Release|Any CPU.Build.0 = Release|Any CPU
		{4D5526AB-169A-4406-9F09-71FDBE2FBE02}.Debug|Any CPU.ActiveCfg = Debug|Any CPU
		{4D5526AB-169A-4406-9F09-71FDBE2FBE02}.Debug|Any CPU.Build.0 = Debug|Any CPU
		{4D5526AB-169A-4406-9F09-71FDBE2FBE02}.Release|Any CPU.ActiveCfg = Release|Any CPU
		{4D5526AB-169A-4406-9F09-71FDBE2FBE02}.Release|Any CPU.Build.0 = Release|Any CPU
		{BECFCD90-137B-4120-9B5E-F7E6E7F02699}.Debug|Any CPU.ActiveCfg = Debug|Any CPU
		{BECFCD90-137B-4120-9B5E-F7E6E7F02699}.Debug|Any CPU.Build.0 = Debug|Any CPU
		{BECFCD90-137B-4120-9B5E-F7E6E7F02699}.Release|Any CPU.ActiveCfg = Release|Any CPU
		{BECFCD90-137B-4120-9B5E-F7E6E7F02699}.Release|Any CPU.Build.0 = Release|Any CPU
		{1F7F6823-BA3B-48E7-B9FE-821E6AE8104D}.Debug|Any CPU.ActiveCfg = Debug|Any CPU
		{1F7F6823-BA3B-48E7-B9FE-821E6AE8104D}.Debug|Any CPU.Build.0 = Debug|Any CPU
		{1F7F6823-BA3B-48E7-B9FE-821E6AE8104D}.Release|Any CPU.ActiveCfg = Release|Any CPU
		{1F7F6823-BA3B-48E7-B9FE-821E6AE8104D}.Release|Any CPU.Build.0 = Release|Any CPU
		{B241048E-0B6E-490A-8853-ECD9EAE411D1}.Debug|Any CPU.ActiveCfg = Debug|Any CPU
		{B241048E-0B6E-490A-8853-ECD9EAE411D1}.Debug|Any CPU.Build.0 = Debug|Any CPU
		{B241048E-0B6E-490A-8853-ECD9EAE411D1}.Release|Any CPU.ActiveCfg = Release|Any CPU
		{B241048E-0B6E-490A-8853-ECD9EAE411D1}.Release|Any CPU.Build.0 = Release|Any CPU
	EndGlobalSection
	GlobalSection(SolutionProperties) = preSolution
		HideSolutionNode = FALSE
	EndGlobalSection
	GlobalSection(ExtensibilityGlobals) = postSolution
		SolutionGuid = {D38CD9E0-9AAB-43F3-BBF9-47B68D1B304B}
	EndGlobalSection
EndGlobal
